{
  "name": "js_tutorial",
  "lockfileVersion": 3,
  "requires": true,
  "packages": {
    "": {
      "dependencies": {
        "jrnelson-palindrome": "^0.2.0"
      }
    },
    "node_modules/jrnelson-palindrome": {
      "version": "0.2.0",
      "resolved": "https://registry.npmjs.org/jrnelson-palindrome/-/jrnelson-palindrome-0.2.0.tgz",
      "integrity": "sha512-+cR57lJFskYZ0FcQRPxpj4o9CLguzsMFU3BlibTVcirjyd8V/27ilNvHydKJk+1oIEKC11aDi1MOoEIIxYF3vA==",
      "license": "ISC"
    }
  }
}
